Microsoft Visual Studio Solution File, Format Version 10.00
# Visual Studio 2008
Project("{004BB0C3-FECA-1BAD-004B-B0C3004BB0C3}") = "MoDIS", "MoDIS\MoDIS.vcproj", "{004BB0C3-FECA-1BAD-004B-B0C3004BB0C3}"
	ProjectSection(ProjectDependencies) = postProject
	{06676AF2-FECA-1BAD-0667-6AF206676AF2} = {06676AF2-FECA-1BAD-0667-6AF206676AF2}
	{AF7903A7-FECA-1BAD-AF79-03A7AF7903A7} = {AF7903A7-FECA-1BAD-AF79-03A7AF7903A7}
	{0657B241-FECA-1BAD-0657-B2410657B241} = {0657B241-FECA-1BAD-0657-B2410657B241}
	{00006544-FECA-1BAD-0000-654400006544} = {00006544-FECA-1BAD-0000-654400006544}
	{000659BD-FECA-1BAD-0006-59BD000659BD} = {000659BD-FECA-1BAD-0006-59BD000659BD}
	{065980F7-FECA-1BAD-0659-80F7065980F7} = {065980F7-FECA-1BAD-0659-80F7065980F7}
	{598B9676-FECA-1BAD-598B-9676598B9676} = {598B9676-FECA-1BAD-598B-9676598B9676}
	{0642429D-FECA-1BAD-0642-429D0642429D} = {0642429D-FECA-1BAD-0642-429D0642429D}
	{0000634D-FECA-1BAD-0000-634D0000634D} = {0000634D-FECA-1BAD-0000-634D0000634D}
	{B7359C1F-FECA-1BAD-B735-9C1FB7359C1F} = {B7359C1F-FECA-1BAD-B735-9C1FB7359C1F}
	{63539F30-FECA-1BAD-6353-9F3063539F30} = {63539F30-FECA-1BAD-6353-9F3063539F30}
	{635385FD-FECA-1BAD-6353-85FD635385FD} = {635385FD-FECA-1BAD-6353-85FD635385FD}
	{60B33849-FECA-1BAD-60B3-384960B33849} = {60B33849-FECA-1BAD-60B3-384960B33849}
	{000060A2-FECA-1BAD-0000-60A2000060A2} = {000060A2-FECA-1BAD-0000-60A2000060A2}
	{000060A4-FECA-1BAD-0000-60A4000060A4} = {000060A4-FECA-1BAD-0000-60A4000060A4}
	{00000613-FECA-1BAD-0000-061300000613} = {00000613-FECA-1BAD-0000-061300000613}
	{00006129-FECA-1BAD-0000-612900006129} = {00006129-FECA-1BAD-0000-612900006129}
	{612C964D-FECA-1BAD-612C-964D612C964D} = {612C964D-FECA-1BAD-612C-964D612C964D}
	{611D9356-FECA-1BAD-611D-9356611D9356} = {611D9356-FECA-1BAD-611D-9356611D9356}
	{F8219676-FECA-1BAD-F821-9676F8219676} = {F8219676-FECA-1BAD-F821-9676F8219676}
	{0006F8E4-FECA-1BAD-0006-F8E40006F8E4} = {0006F8E4-FECA-1BAD-0006-F8E40006F8E4}
	{00006DD8-FECA-1BAD-0000-6DD800006DD8} = {00006DD8-FECA-1BAD-0000-6DD800006DD8}
	{06F2BE53-FECA-1BAD-06F2-BE5306F2BE53} = {06F2BE53-FECA-1BAD-06F2-BE5306F2BE53}
	{969BF86D-FECA-1BAD-969B-F86D969BF86D} = {969BF86D-FECA-1BAD-969B-F86D969BF86D}
	{0006B636-FECA-1BAD-0006-B6360006B636} = {0006B636-FECA-1BAD-0006-B6360006B636}
	{006B32F1-FECA-1BAD-006B-32F1006B32F1} = {006B32F1-FECA-1BAD-006B-32F1006B32F1}
	{32F4961B-FECA-1BAD-32F4-961B32F4961B} = {32F4961B-FECA-1BAD-32F4-961B32F4961B}
	{6B8959BD-FECA-1BAD-6B89-59BD6B8959BD} = {6B8959BD-FECA-1BAD-6B89-59BD6B8959BD}
	{6BBC9670-FECA-1BAD-6BBC-96706BBC9670} = {6BBC9670-FECA-1BAD-6BBC-96706BBC9670}
	{BBC95843-FECA-1BAD-BBC9-5843BBC95843} = {BBC95843-FECA-1BAD-BBC9-5843BBC95843}
	{47D9A4DA-FECA-1BAD-47D9-A4DA47D9A4DA} = {47D9A4DA-FECA-1BAD-47D9-A4DA47D9A4DA}
	{852564E9-FECA-1BAD-8525-64E9852564E9} = {852564E9-FECA-1BAD-8525-64E9852564E9}
	{42584FEB-FECA-1BAD-4258-4FEB42584FEB} = {42584FEB-FECA-1BAD-4258-4FEB42584FEB}
	{92E69A3F-FECA-1BAD-92E6-9A3F92E69A3F} = {92E69A3F-FECA-1BAD-92E6-9A3F92E69A3F}
	{00006A6C-FECA-1BAD-0000-6A6C00006A6C} = {00006A6C-FECA-1BAD-0000-6A6C00006A6C}
	{09424439-FECA-1BAD-0942-443909424439} = {09424439-FECA-1BAD-0942-443909424439}
	{09381921-FECA-1BAD-0938-192109381921} = {09381921-FECA-1BAD-0938-192109381921}
	{0069147D-FECA-1BAD-0069-147D0069147D} = {0069147D-FECA-1BAD-0069-147D0069147D}
	{1C353E7F-FECA-1BAD-1C35-3E7F1C353E7F} = {1C353E7F-FECA-1BAD-1C35-3E7F1C353E7F}
	{3538582C-FECA-1BAD-3538-582C3538582C} = {3538582C-FECA-1BAD-3538-582C3538582C}
	{532EA6F3-FECA-1BAD-532E-A6F3532EA6F3} = {532EA6F3-FECA-1BAD-532E-A6F3532EA6F3}
	{2E6AFB05-FECA-1BAD-2E6A-FB052E6AFB05} = {2E6AFB05-FECA-1BAD-2E6A-FB052E6AFB05}
	{52D626F3-FECA-1BAD-52D6-26F352D626F3} = {52D626F3-FECA-1BAD-52D6-26F352D626F3}
	{68437494-FECA-1BAD-6843-749468437494} = {68437494-FECA-1BAD-6843-749468437494}
	{7480F225-FECA-1BAD-7480-F2257480F225} = {7480F225-FECA-1BAD-7480-F2257480F225}
	{074E423D-FECA-1BAD-074E-423D074E423D} = {074E423D-FECA-1BAD-074E-423D074E423D}
	{00705644-FECA-1BAD-0070-564400705644} = {00705644-FECA-1BAD-0070-564400705644}
	{38284600-FECA-1BAD-3828-460038284600} = {38284600-FECA-1BAD-3828-460038284600}
	{0070248F-FECA-1BAD-0070-248F0070248F} = {0070248F-FECA-1BAD-0070-248F0070248F}
	{0070F23F-FECA-1BAD-0070-F23F0070F23F} = {0070F23F-FECA-1BAD-0070-F23F0070F23F}
	{3A95E2C1-FECA-1BAD-3A95-E2C13A95E2C1} = {3A95E2C1-FECA-1BAD-3A95-E2C13A95E2C1}
	{F23A8543-FECA-1BAD-F23A-8543F23A8543} = {F23A8543-FECA-1BAD-F23A-8543F23A8543}
	{71519730-FECA-1BAD-7151-973071519730} = {71519730-FECA-1BAD-7151-973071519730}
	{071F803F-FECA-1BAD-071F-803F071F803F} = {071F803F-FECA-1BAD-071F-803F071F803F}
	{0007EBB0-FECA-1BAD-0007-EBB00007EBB0} = {0007EBB0-FECA-1BAD-0007-EBB00007EBB0}
	EndProjectSection
EndProject
Project("{06676AF2-FECA-1BAD-0667-6AF206676AF2}") = "applib", "applib\applib.vcproj", "{06676AF2-FECA-1BAD-0667-6AF206676AF2}"
EndProject
Project("{AF7903A7-FECA-1BAD-AF79-03A7AF7903A7}") = "applib_asn1", "applib_asn1\applib_asn1.vcproj", "{AF7903A7-FECA-1BAD-AF79-03A7AF7903A7}"
EndProject
Project("{0657B241-FECA-1BAD-0657-B2410657B241}") = "camera", "camera\camera.vcproj", "{0657B241-FECA-1BAD-0657-B2410657B241}"
EndProject
Project("{00006544-FECA-1BAD-0000-654400006544}") = "cct", "cct\cct.vcproj", "{00006544-FECA-1BAD-0000-654400006544}"
EndProject
Project("{000659BD-FECA-1BAD-0006-59BD000659BD}") = "comm", "comm\comm.vcproj", "{000659BD-FECA-1BAD-0006-59BD000659BD}"
EndProject
Project("{065980F7-FECA-1BAD-0659-80F7065980F7}") = "config", "config\config.vcproj", "{065980F7-FECA-1BAD-0659-80F7065980F7}"
EndProject
Project("{598B9676-FECA-1BAD-598B-9676598B9676}") = "conn_app", "conn_app\conn_app.vcproj", "{598B9676-FECA-1BAD-598B-9676598B9676}"
EndProject
Project("{0642429D-FECA-1BAD-0642-429D0642429D}") = "custom", "custom\custom.vcproj", "{0642429D-FECA-1BAD-0642-429D0642429D}"
EndProject
Project("{0000634D-FECA-1BAD-0000-634D0000634D}") = "drm", "drm\drm.vcproj", "{0000634D-FECA-1BAD-0000-634D0000634D}"
EndProject
Project("{B7359C1F-FECA-1BAD-B735-9C1FB7359C1F}") = "drmadp_mtk", "drmadp_mtk\drmadp_mtk.vcproj", "{B7359C1F-FECA-1BAD-B735-9C1FB7359C1F}"
EndProject
Project("{63539F30-FECA-1BAD-6353-9F3063539F30}") = "drv_idp", "drv_idp\drv_idp.vcproj", "{63539F30-FECA-1BAD-6353-9F3063539F30}"
EndProject
Project("{635385FD-FECA-1BAD-6353-85FD635385FD}") = "drv_sim", "drv_sim\drv_sim.vcproj", "{635385FD-FECA-1BAD-6353-85FD635385FD}"
EndProject
Project("{60B33849-FECA-1BAD-60B3-384960B33849}") = "fluency", "fluency\fluency.vcproj", "{60B33849-FECA-1BAD-60B3-384960B33849}"
EndProject
Project("{000060A2-FECA-1BAD-0000-60A2000060A2}") = "fmr", "fmr\fmr.vcproj", "{000060A2-FECA-1BAD-0000-60A2000060A2}"
EndProject
Project("{000060A4-FECA-1BAD-0000-60A4000060A4}") = "fmt", "fmt\fmt.vcproj", "{000060A4-FECA-1BAD-0000-60A4000060A4}"
EndProject
Project("{00000613-FECA-1BAD-0000-061300000613}") = "fs", "fs\fs.vcproj", "{00000613-FECA-1BAD-0000-061300000613}"
EndProject
Project("{00006129-FECA-1BAD-0000-612900006129}") = "gdi", "gdi\gdi.vcproj", "{00006129-FECA-1BAD-0000-612900006129}"
EndProject
Project("{612C964D-FECA-1BAD-612C-964D612C964D}") = "gdi_arm", "gdi_arm\gdi_arm.vcproj", "{612C964D-FECA-1BAD-612C-964D612C964D}"
EndProject
Project("{611D9356-FECA-1BAD-611D-9356611D9356}") = "gfx_drv", "gfx_drv\gfx_drv.vcproj", "{611D9356-FECA-1BAD-611D-9356611D9356}"
EndProject
Project("{F8219676-FECA-1BAD-F821-9676F8219676}") = "inet_app", "inet_app\inet_app.vcproj", "{F8219676-FECA-1BAD-F821-9676F8219676}"
EndProject
Project("{0006F8E4-FECA-1BAD-0006-F8E40006F8E4}") = "init", "init\init.vcproj", "{0006F8E4-FECA-1BAD-0006-F8E40006F8E4}"
EndProject
Project("{00006DD8-FECA-1BAD-0000-6DD800006DD8}") = "kjx", "kjx\kjx.vcproj", "{00006DD8-FECA-1BAD-0000-6DD800006DD8}"
EndProject
Project("{06F2BE53-FECA-1BAD-06F2-BE5306F2BE53}") = "l4misc", "l4misc\l4misc.vcproj", "{06F2BE53-FECA-1BAD-06F2-BE5306F2BE53}"
EndProject
Project("{969BF86D-FECA-1BAD-969B-F86D969BF86D}") = "lcd_c_model", "lcd_c_model\lcd_c_model.vcproj", "{969BF86D-FECA-1BAD-969B-F86D969BF86D}"
EndProject
Project("{0006B636-FECA-1BAD-0006-B6360006B636}") = "matv", "matv\matv.vcproj", "{0006B636-FECA-1BAD-0006-B6360006B636}"
EndProject
Project("{006B32F1-FECA-1BAD-006B-32F1006B32F1}") = "media", "media\media.vcproj", "{006B32F1-FECA-1BAD-006B-32F1006B32F1}"
EndProject
Project("{32F4961B-FECA-1BAD-32F4-961B32F4961B}") = "media_app", "media_app\media_app.vcproj", "{32F4961B-FECA-1BAD-32F4-961B32F4961B}"
EndProject
Project("{6B8959BD-FECA-1BAD-6B89-59BD6B8959BD}") = "mm_comm", "mm_comm\mm_comm.vcproj", "{6B8959BD-FECA-1BAD-6B89-59BD6B8959BD}"
EndProject
Project("{6BBC9670-FECA-1BAD-6BBC-96706BBC9670}") = "mmi_app", "mmi_app\mmi_app.vcproj", "{6BBC9670-FECA-1BAD-6BBC-96706BBC9670}"
EndProject
Project("{BBC95843-FECA-1BAD-BBC9-5843BBC95843}") = "mmi_core", "mmi_core\mmi_core.vcproj", "{BBC95843-FECA-1BAD-BBC9-5843BBC95843}"
EndProject
Project("{47D9A4DA-FECA-1BAD-47D9-A4DA47D9A4DA}") = "mmi_framework", "mmi_framework\mmi_framework.vcproj", "{47D9A4DA-FECA-1BAD-47D9-A4DA47D9A4DA}"
EndProject
Project("{852564E9-FECA-1BAD-8525-64E9852564E9}") = "mmi_service", "mmi_service\mmi_service.vcproj", "{852564E9-FECA-1BAD-8525-64E9852564E9}"
EndProject
Project("{42584FEB-FECA-1BAD-4258-4FEB42584FEB}") = "mmiresource", "mmiresource\mmiresource.vcproj", "{42584FEB-FECA-1BAD-4258-4FEB42584FEB}"
EndProject
Project("{92E69A3F-FECA-1BAD-92E6-9A3F92E69A3F}") = "modis_lcd", "modis_lcd\modis_lcd.vcproj", "{92E69A3F-FECA-1BAD-92E6-9A3F92E69A3F}"
EndProject
Project("{00006A6C-FECA-1BAD-0000-6A6C00006A6C}") = "mpl", "mpl\mpl.vcproj", "{00006A6C-FECA-1BAD-0000-6A6C00006A6C}"
EndProject
Project("{09424439-FECA-1BAD-0942-443909424439}") = "mre_custom", "mre_custom\mre_custom.vcproj", "{09424439-FECA-1BAD-0942-443909424439}"
EndProject
Project("{09381921-FECA-1BAD-0938-192109381921}") = "mre_engine", "mre_engine\mre_engine.vcproj", "{09381921-FECA-1BAD-0938-192109381921}"
EndProject
Project("{0069147D-FECA-1BAD-0069-147D0069147D}") = "nvram", "nvram\nvram.vcproj", "{0069147D-FECA-1BAD-0069-147D0069147D}"
EndProject
Project("{1C353E7F-FECA-1BAD-1C35-3E7F1C353E7F}") = "obigo03cadp", "obigo03cadp\obigo03cadp.vcproj", "{1C353E7F-FECA-1BAD-1C35-3E7F1C353E7F}"
EndProject
Project("{3538582C-FECA-1BAD-3538-582C3538582C}") = "obigo03cfwadp", "obigo03cfwadp\obigo03cfwadp.vcproj", "{3538582C-FECA-1BAD-3538-582C3538582C}"
EndProject
Project("{532EA6F3-FECA-1BAD-532E-A6F3532EA6F3}") = "obigo03cmmsadp", "obigo03cmmsadp\obigo03cmmsadp.vcproj", "{532EA6F3-FECA-1BAD-532E-A6F3532EA6F3}"
EndProject
Project("{2E6AFB05-FECA-1BAD-2E6A-FB052E6AFB05}") = "obigo03cpushadp", "obigo03cpushadp\obigo03cpushadp.vcproj", "{2E6AFB05-FECA-1BAD-2E6A-FB052E6AFB05}"
EndProject
Project("{52D626F3-FECA-1BAD-52D6-26F352D626F3}") = "obigo03cstkadp", "obigo03cstkadp\obigo03cstkadp.vcproj", "{52D626F3-FECA-1BAD-52D6-26F352D626F3}"
EndProject
Project("{68437494-FECA-1BAD-6843-749468437494}") = "postproc", "postproc\postproc.vcproj", "{68437494-FECA-1BAD-6843-749468437494}"
EndProject
Project("{7480F225-FECA-1BAD-7480-F2257480F225}") = "provider", "provider\provider.vcproj", "{7480F225-FECA-1BAD-7480-F2257480F225}"
EndProject
Project("{074E423D-FECA-1BAD-074E-423D074E423D}") = "system", "system\system.vcproj", "{074E423D-FECA-1BAD-074E-423D074E423D}"
EndProject
Project("{00705644-FECA-1BAD-0070-564400705644}") = "vcard", "vcard\vcard.vcproj", "{00705644-FECA-1BAD-0070-564400705644}"
EndProject
Project("{38284600-FECA-1BAD-3828-460038284600}") = "vendorapp", "vendorapp\vendorapp.vcproj", "{38284600-FECA-1BAD-3828-460038284600}"
EndProject
Project("{0070248F-FECA-1BAD-0070-248F0070248F}") = "verno", "verno\verno.vcproj", "{0070248F-FECA-1BAD-0070-248F0070248F}"
EndProject
Project("{0070F23F-FECA-1BAD-0070-F23F0070F23F}") = "video", "video\video.vcproj", "{0070F23F-FECA-1BAD-0070-F23F0070F23F}"
EndProject
Project("{3A95E2C1-FECA-1BAD-3A95-E2C13A95E2C1}") = "video_codec", "video_codec\video_codec.vcproj", "{3A95E2C1-FECA-1BAD-3A95-E2C13A95E2C1}"
EndProject
Project("{F23A8543-FECA-1BAD-F23A-8543F23A8543}") = "video_sec", "video_sec\video_sec.vcproj", "{F23A8543-FECA-1BAD-F23A-8543F23A8543}"
EndProject
Project("{71519730-FECA-1BAD-7151-973071519730}") = "vrt_adp", "vrt_adp\vrt_adp.vcproj", "{71519730-FECA-1BAD-7151-973071519730}"
EndProject
Project("{071F803F-FECA-1BAD-071F-803F071F803F}") = "winguo", "winguo\winguo.vcproj", "{071F803F-FECA-1BAD-071F-803F071F803F}"
EndProject
Project("{0007EBB0-FECA-1BAD-0007-EBB00007EBB0}") = "xmlp", "xmlp\xmlp.vcproj", "{0007EBB0-FECA-1BAD-0007-EBB00007EBB0}"
EndProject
Global
	GlobalSection(SolutionConfigurationPlatforms) = preSolution
		Debug|Win32 = Debug|Win32
		Release|Win32 = Release|Win32
	EndGlobalSection
	GlobalSection(ProjectConfigurationPlatforms) = postSolution
		{004BB0C3-FECA-1BAD-004B-B0C3004BB0C3}.Debug|Win32.ActiveCfg = Debug|Win32
		{004BB0C3-FECA-1BAD-004B-B0C3004BB0C3}.Debug|Win32.Build.0 = Debug|Win32
		{004BB0C3-FECA-1BAD-004B-B0C3004BB0C3}.Release|Win32.ActiveCfg = Release|Win32
		{004BB0C3-FECA-1BAD-004B-B0C3004BB0C3}.Release|Win32.Build.0 = Release|Win32
		{06676AF2-FECA-1BAD-0667-6AF206676AF2}.Debug|Win32.ActiveCfg = Debug|Win32
		{06676AF2-FECA-1BAD-0667-6AF206676AF2}.Debug|Win32.Build.0 = Debug|Win32
		{06676AF2-FECA-1BAD-0667-6AF206676AF2}.Release|Win32.ActiveCfg = Release|Win32
		{06676AF2-FECA-1BAD-0667-6AF206676AF2}.Release|Win32.Build.0 = Release|Win32
		{AF7903A7-FECA-1BAD-AF79-03A7AF7903A7}.Debug|Win32.ActiveCfg = Debug|Win32
		{AF7903A7-FECA-1BAD-AF79-03A7AF7903A7}.Debug|Win32.Build.0 = Debug|Win32
		{AF7903A7-FECA-1BAD-AF79-03A7AF7903A7}.Release|Win32.ActiveCfg = Release|Win32
		{AF7903A7-FECA-1BAD-AF79-03A7AF7903A7}.Release|Win32.Build.0 = Release|Win32
		{0657B241-FECA-1BAD-0657-B2410657B241}.Debug|Win32.ActiveCfg = Debug|Win32
		{0657B241-FECA-1BAD-0657-B2410657B241}.Debug|Win32.Build.0 = Debug|Win32
		{0657B241-FECA-1BAD-0657-B2410657B241}.Release|Win32.ActiveCfg = Release|Win32
		{0657B241-FECA-1BAD-0657-B2410657B241}.Release|Win32.Build.0 = Release|Win32
		{00006544-FECA-1BAD-0000-654400006544}.Debug|Win32.ActiveCfg = Debug|Win32
		{00006544-FECA-1BAD-0000-654400006544}.Debug|Win32.Build.0 = Debug|Win32
		{00006544-FECA-1BAD-0000-654400006544}.Release|Win32.ActiveCfg = Release|Win32
		{00006544-FECA-1BAD-0000-654400006544}.Release|Win32.Build.0 = Release|Win32
		{000659BD-FECA-1BAD-0006-59BD000659BD}.Debug|Win32.ActiveCfg = Debug|Win32
		{000659BD-FECA-1BAD-0006-59BD000659BD}.Debug|Win32.Build.0 = Debug|Win32
		{000659BD-FECA-1BAD-0006-59BD000659BD}.Release|Win32.ActiveCfg = Release|Win32
		{000659BD-FECA-1BAD-0006-59BD000659BD}.Release|Win32.Build.0 = Release|Win32
		{065980F7-FECA-1BAD-0659-80F7065980F7}.Debug|Win32.ActiveCfg = Debug|Win32
		{065980F7-FECA-1BAD-0659-80F7065980F7}.Debug|Win32.Build.0 = Debug|Win32
		{065980F7-FECA-1BAD-0659-80F7065980F7}.Release|Win32.ActiveCfg = Release|Win32
		{065980F7-FECA-1BAD-0659-80F7065980F7}.Release|Win32.Build.0 = Release|Win32
		{598B9676-FECA-1BAD-598B-9676598B9676}.Debug|Win32.ActiveCfg = Debug|Win32
		{598B9676-FECA-1BAD-598B-9676598B9676}.Debug|Win32.Build.0 = Debug|Win32
		{598B9676-FECA-1BAD-598B-9676598B9676}.Release|Win32.ActiveCfg = Release|Win32
		{598B9676-FECA-1BAD-598B-9676598B9676}.Release|Win32.Build.0 = Release|Win32
		{0642429D-FECA-1BAD-0642-429D0642429D}.Debug|Win32.ActiveCfg = Debug|Win32
		{0642429D-FECA-1BAD-0642-429D0642429D}.Debug|Win32.Build.0 = Debug|Win32
		{0642429D-FECA-1BAD-0642-429D0642429D}.Release|Win32.ActiveCfg = Release|Win32
		{0642429D-FECA-1BAD-0642-429D0642429D}.Release|Win32.Build.0 = Release|Win32
		{0000634D-FECA-1BAD-0000-634D0000634D}.Debug|Win32.ActiveCfg = Debug|Win32
		{0000634D-FECA-1BAD-0000-634D0000634D}.Debug|Win32.Build.0 = Debug|Win32
		{0000634D-FECA-1BAD-0000-634D0000634D}.Release|Win32.ActiveCfg = Release|Win32
		{0000634D-FECA-1BAD-0000-634D0000634D}.Release|Win32.Build.0 = Release|Win32
		{B7359C1F-FECA-1BAD-B735-9C1FB7359C1F}.Debug|Win32.ActiveCfg = Debug|Win32
		{B7359C1F-FECA-1BAD-B735-9C1FB7359C1F}.Debug|Win32.Build.0 = Debug|Win32
		{B7359C1F-FECA-1BAD-B735-9C1FB7359C1F}.Release|Win32.ActiveCfg = Release|Win32
		{B7359C1F-FECA-1BAD-B735-9C1FB7359C1F}.Release|Win32.Build.0 = Release|Win32
		{63539F30-FECA-1BAD-6353-9F3063539F30}.Debug|Win32.ActiveCfg = Debug|Win32
		{63539F30-FECA-1BAD-6353-9F3063539F30}.Debug|Win32.Build.0 = Debug|Win32
		{63539F30-FECA-1BAD-6353-9F3063539F30}.Release|Win32.ActiveCfg = Release|Win32
		{63539F30-FECA-1BAD-6353-9F3063539F30}.Release|Win32.Build.0 = Release|Win32
		{635385FD-FECA-1BAD-6353-85FD635385FD}.Debug|Win32.ActiveCfg = Debug|Win32
		{635385FD-FECA-1BAD-6353-85FD635385FD}.Debug|Win32.Build.0 = Debug|Win32
		{635385FD-FECA-1BAD-6353-85FD635385FD}.Release|Win32.ActiveCfg = Release|Win32
		{635385FD-FECA-1BAD-6353-85FD635385FD}.Release|Win32.Build.0 = Release|Win32
		{60B33849-FECA-1BAD-60B3-384960B33849}.Debug|Win32.ActiveCfg = Debug|Win32
		{60B33849-FECA-1BAD-60B3-384960B33849}.Debug|Win32.Build.0 = Debug|Win32
		{60B33849-FECA-1BAD-60B3-384960B33849}.Release|Win32.ActiveCfg = Release|Win32
		{60B33849-FECA-1BAD-60B3-384960B33849}.Release|Win32.Build.0 = Release|Win32
		{000060A2-FECA-1BAD-0000-60A2000060A2}.Debug|Win32.ActiveCfg = Debug|Win32
		{000060A2-FECA-1BAD-0000-60A2000060A2}.Debug|Win32.Build.0 = Debug|Win32
		{000060A2-FECA-1BAD-0000-60A2000060A2}.Release|Win32.ActiveCfg = Release|Win32
		{000060A2-FECA-1BAD-0000-60A2000060A2}.Release|Win32.Build.0 = Release|Win32
		{000060A4-FECA-1BAD-0000-60A4000060A4}.Debug|Win32.ActiveCfg = Debug|Win32
		{000060A4-FECA-1BAD-0000-60A4000060A4}.Debug|Win32.Build.0 = Debug|Win32
		{000060A4-FECA-1BAD-0000-60A4000060A4}.Release|Win32.ActiveCfg = Release|Win32
		{000060A4-FECA-1BAD-0000-60A4000060A4}.Release|Win32.Build.0 = Release|Win32
		{00000613-FECA-1BAD-0000-061300000613}.Debug|Win32.ActiveCfg = Debug|Win32
		{00000613-FECA-1BAD-0000-061300000613}.Debug|Win32.Build.0 = Debug|Win32
		{00000613-FECA-1BAD-0000-061300000613}.Release|Win32.ActiveCfg = Release|Win32
		{00000613-FECA-1BAD-0000-061300000613}.Release|Win32.Build.0 = Release|Win32
		{00006129-FECA-1BAD-0000-612900006129}.Debug|Win32.ActiveCfg = Debug|Win32
		{00006129-FECA-1BAD-0000-612900006129}.Debug|Win32.Build.0 = Debug|Win32
		{00006129-FECA-1BAD-0000-612900006129}.Release|Win32.ActiveCfg = Release|Win32
		{00006129-FECA-1BAD-0000-612900006129}.Release|Win32.Build.0 = Release|Win32
		{612C964D-FECA-1BAD-612C-964D612C964D}.Debug|Win32.ActiveCfg = Debug|Win32
		{612C964D-FECA-1BAD-612C-964D612C964D}.Debug|Win32.Build.0 = Debug|Win32
		{612C964D-FECA-1BAD-612C-964D612C964D}.Release|Win32.ActiveCfg = Release|Win32
		{612C964D-FECA-1BAD-612C-964D612C964D}.Release|Win32.Build.0 = Release|Win32
		{611D9356-FECA-1BAD-611D-9356611D9356}.Debug|Win32.ActiveCfg = Debug|Win32
		{611D9356-FECA-1BAD-611D-9356611D9356}.Debug|Win32.Build.0 = Debug|Win32
		{611D9356-FECA-1BAD-611D-9356611D9356}.Release|Win32.ActiveCfg = Release|Win32
		{611D9356-FECA-1BAD-611D-9356611D9356}.Release|Win32.Build.0 = Release|Win32
		{F8219676-FECA-1BAD-F821-9676F8219676}.Debug|Win32.ActiveCfg = Debug|Win32
		{F8219676-FECA-1BAD-F821-9676F8219676}.Debug|Win32.Build.0 = Debug|Win32
		{F8219676-FECA-1BAD-F821-9676F8219676}.Release|Win32.ActiveCfg = Release|Win32
		{F8219676-FECA-1BAD-F821-9676F8219676}.Release|Win32.Build.0 = Release|Win32
		{0006F8E4-FECA-1BAD-0006-F8E40006F8E4}.Debug|Win32.ActiveCfg = Debug|Win32
		{0006F8E4-FECA-1BAD-0006-F8E40006F8E4}.Debug|Win32.Build.0 = Debug|Win32
		{0006F8E4-FECA-1BAD-0006-F8E40006F8E4}.Release|Win32.ActiveCfg = Release|Win32
		{0006F8E4-FECA-1BAD-0006-F8E40006F8E4}.Release|Win32.Build.0 = Release|Win32
		{00006DD8-FECA-1BAD-0000-6DD800006DD8}.Debug|Win32.ActiveCfg = Debug|Win32
		{00006DD8-FECA-1BAD-0000-6DD800006DD8}.Debug|Win32.Build.0 = Debug|Win32
		{00006DD8-FECA-1BAD-0000-6DD800006DD8}.Release|Win32.ActiveCfg = Release|Win32
		{00006DD8-FECA-1BAD-0000-6DD800006DD8}.Release|Win32.Build.0 = Release|Win32
		{06F2BE53-FECA-1BAD-06F2-BE5306F2BE53}.Debug|Win32.ActiveCfg = Debug|Win32
		{06F2BE53-FECA-1BAD-06F2-BE5306F2BE53}.Debug|Win32.Build.0 = Debug|Win32
		{06F2BE53-FECA-1BAD-06F2-BE5306F2BE53}.Release|Win32.ActiveCfg = Release|Win32
		{06F2BE53-FECA-1BAD-06F2-BE5306F2BE53}.Release|Win32.Build.0 = Release|Win32
		{969BF86D-FECA-1BAD-969B-F86D969BF86D}.Debug|Win32.ActiveCfg = Debug|Win32
		{969BF86D-FECA-1BAD-969B-F86D969BF86D}.Debug|Win32.Build.0 = Debug|Win32
		{969BF86D-FECA-1BAD-969B-F86D969BF86D}.Release|Win32.ActiveCfg = Release|Win32
		{969BF86D-FECA-1BAD-969B-F86D969BF86D}.Release|Win32.Build.0 = Release|Win32
		{0006B636-FECA-1BAD-0006-B6360006B636}.Debug|Win32.ActiveCfg = Debug|Win32
		{0006B636-FECA-1BAD-0006-B6360006B636}.Debug|Win32.Build.0 = Debug|Win32
		{0006B636-FECA-1BAD-0006-B6360006B636}.Release|Win32.ActiveCfg = Release|Win32
		{0006B636-FECA-1BAD-0006-B6360006B636}.Release|Win32.Build.0 = Release|Win32
		{006B32F1-FECA-1BAD-006B-32F1006B32F1}.Debug|Win32.ActiveCfg = Debug|Win32
		{006B32F1-FECA-1BAD-006B-32F1006B32F1}.Debug|Win32.Build.0 = Debug|Win32
		{006B32F1-FECA-1BAD-006B-32F1006B32F1}.Release|Win32.ActiveCfg = Release|Win32
		{006B32F1-FECA-1BAD-006B-32F1006B32F1}.Release|Win32.Build.0 = Release|Win32
		{32F4961B-FECA-1BAD-32F4-961B32F4961B}.Debug|Win32.ActiveCfg = Debug|Win32
		{32F4961B-FECA-1BAD-32F4-961B32F4961B}.Debug|Win32.Build.0 = Debug|Win32
		{32F4961B-FECA-1BAD-32F4-961B32F4961B}.Release|Win32.ActiveCfg = Release|Win32
		{32F4961B-FECA-1BAD-32F4-961B32F4961B}.Release|Win32.Build.0 = Release|Win32
		{6B8959BD-FECA-1BAD-6B89-59BD6B8959BD}.Debug|Win32.ActiveCfg = Debug|Win32
		{6B8959BD-FECA-1BAD-6B89-59BD6B8959BD}.Debug|Win32.Build.0 = Debug|Win32
		{6B8959BD-FECA-1BAD-6B89-59BD6B8959BD}.Release|Win32.ActiveCfg = Release|Win32
		{6B8959BD-FECA-1BAD-6B89-59BD6B8959BD}.Release|Win32.Build.0 = Release|Win32
		{6BBC9670-FECA-1BAD-6BBC-96706BBC9670}.Debug|Win32.ActiveCfg = Debug|Win32
		{6BBC9670-FECA-1BAD-6BBC-96706BBC9670}.Debug|Win32.Build.0 = Debug|Win32
		{6BBC9670-FECA-1BAD-6BBC-96706BBC9670}.Release|Win32.ActiveCfg = Release|Win32
		{6BBC9670-FECA-1BAD-6BBC-96706BBC9670}.Release|Win32.Build.0 = Release|Win32
		{BBC95843-FECA-1BAD-BBC9-5843BBC95843}.Debug|Win32.ActiveCfg = Debug|Win32
		{BBC95843-FECA-1BAD-BBC9-5843BBC95843}.Debug|Win32.Build.0 = Debug|Win32
		{BBC95843-FECA-1BAD-BBC9-5843BBC95843}.Release|Win32.ActiveCfg = Release|Win32
		{BBC95843-FECA-1BAD-BBC9-5843BBC95843}.Release|Win32.Build.0 = Release|Win32
		{47D9A4DA-FECA-1BAD-47D9-A4DA47D9A4DA}.Debug|Win32.ActiveCfg = Debug|Win32
		{47D9A4DA-FECA-1BAD-47D9-A4DA47D9A4DA}.Debug|Win32.Build.0 = Debug|Win32
		{47D9A4DA-FECA-1BAD-47D9-A4DA47D9A4DA}.Release|Win32.ActiveCfg = Release|Win32
		{47D9A4DA-FECA-1BAD-47D9-A4DA47D9A4DA}.Release|Win32.Build.0 = Release|Win32
		{852564E9-FECA-1BAD-8525-64E9852564E9}.Debug|Win32.ActiveCfg = Debug|Win32
		{852564E9-FECA-1BAD-8525-64E9852564E9}.Debug|Win32.Build.0 = Debug|Win32
		{852564E9-FECA-1BAD-8525-64E9852564E9}.Release|Win32.ActiveCfg = Release|Win32
		{852564E9-FECA-1BAD-8525-64E9852564E9}.Release|Win32.Build.0 = Release|Win32
		{42584FEB-FECA-1BAD-4258-4FEB42584FEB}.Debug|Win32.ActiveCfg = Debug|Win32
		{42584FEB-FECA-1BAD-4258-4FEB42584FEB}.Debug|Win32.Build.0 = Debug|Win32
		{42584FEB-FECA-1BAD-4258-4FEB42584FEB}.Release|Win32.ActiveCfg = Release|Win32
		{42584FEB-FECA-1BAD-4258-4FEB42584FEB}.Release|Win32.Build.0 = Release|Win32
		{92E69A3F-FECA-1BAD-92E6-9A3F92E69A3F}.Debug|Win32.ActiveCfg = Debug|Win32
		{92E69A3F-FECA-1BAD-92E6-9A3F92E69A3F}.Debug|Win32.Build.0 = Debug|Win32
		{92E69A3F-FECA-1BAD-92E6-9A3F92E69A3F}.Release|Win32.ActiveCfg = Release|Win32
		{92E69A3F-FECA-1BAD-92E6-9A3F92E69A3F}.Release|Win32.Build.0 = Release|Win32
		{00006A6C-FECA-1BAD-0000-6A6C00006A6C}.Debug|Win32.ActiveCfg = Debug|Win32
		{00006A6C-FECA-1BAD-0000-6A6C00006A6C}.Debug|Win32.Build.0 = Debug|Win32
		{00006A6C-FECA-1BAD-0000-6A6C00006A6C}.Release|Win32.ActiveCfg = Release|Win32
		{00006A6C-FECA-1BAD-0000-6A6C00006A6C}.Release|Win32.Build.0 = Release|Win32
		{09424439-FECA-1BAD-0942-443909424439}.Debug|Win32.ActiveCfg = Debug|Win32
		{09424439-FECA-1BAD-0942-443909424439}.Debug|Win32.Build.0 = Debug|Win32
		{09424439-FECA-1BAD-0942-443909424439}.Release|Win32.ActiveCfg = Release|Win32
		{09424439-FECA-1BAD-0942-443909424439}.Release|Win32.Build.0 = Release|Win32
		{09381921-FECA-1BAD-0938-192109381921}.Debug|Win32.ActiveCfg = Debug|Win32
		{09381921-FECA-1BAD-0938-192109381921}.Debug|Win32.Build.0 = Debug|Win32
		{09381921-FECA-1BAD-0938-192109381921}.Release|Win32.ActiveCfg = Release|Win32
		{09381921-FECA-1BAD-0938-192109381921}.Release|Win32.Build.0 = Release|Win32
		{0069147D-FECA-1BAD-0069-147D0069147D}.Debug|Win32.ActiveCfg = Debug|Win32
		{0069147D-FECA-1BAD-0069-147D0069147D}.Debug|Win32.Build.0 = Debug|Win32
		{0069147D-FECA-1BAD-0069-147D0069147D}.Release|Win32.ActiveCfg = Release|Win32
		{0069147D-FECA-1BAD-0069-147D0069147D}.Release|Win32.Build.0 = Release|Win32
		{1C353E7F-FECA-1BAD-1C35-3E7F1C353E7F}.Debug|Win32.ActiveCfg = Debug|Win32
		{1C353E7F-FECA-1BAD-1C35-3E7F1C353E7F}.Debug|Win32.Build.0 = Debug|Win32
		{1C353E7F-FECA-1BAD-1C35-3E7F1C353E7F}.Release|Win32.ActiveCfg = Release|Win32
		{1C353E7F-FECA-1BAD-1C35-3E7F1C353E7F}.Release|Win32.Build.0 = Release|Win32
		{3538582C-FECA-1BAD-3538-582C3538582C}.Debug|Win32.ActiveCfg = Debug|Win32
		{3538582C-FECA-1BAD-3538-582C3538582C}.Debug|Win32.Build.0 = Debug|Win32
		{3538582C-FECA-1BAD-3538-582C3538582C}.Release|Win32.ActiveCfg = Release|Win32
		{3538582C-FECA-1BAD-3538-582C3538582C}.Release|Win32.Build.0 = Release|Win32
		{532EA6F3-FECA-1BAD-532E-A6F3532EA6F3}.Debug|Win32.ActiveCfg = Debug|Win32
		{532EA6F3-FECA-1BAD-532E-A6F3532EA6F3}.Debug|Win32.Build.0 = Debug|Win32
		{532EA6F3-FECA-1BAD-532E-A6F3532EA6F3}.Release|Win32.ActiveCfg = Release|Win32
		{532EA6F3-FECA-1BAD-532E-A6F3532EA6F3}.Release|Win32.Build.0 = Release|Win32
		{2E6AFB05-FECA-1BAD-2E6A-FB052E6AFB05}.Debug|Win32.ActiveCfg = Debug|Win32
		{2E6AFB05-FECA-1BAD-2E6A-FB052E6AFB05}.Debug|Win32.Build.0 = Debug|Win32
		{2E6AFB05-FECA-1BAD-2E6A-FB052E6AFB05}.Release|Win32.ActiveCfg = Release|Win32
		{2E6AFB05-FECA-1BAD-2E6A-FB052E6AFB05}.Release|Win32.Build.0 = Release|Win32
		{52D626F3-FECA-1BAD-52D6-26F352D626F3}.Debug|Win32.ActiveCfg = Debug|Win32
		{52D626F3-FECA-1BAD-52D6-26F352D626F3}.Debug|Win32.Build.0 = Debug|Win32
		{52D626F3-FECA-1BAD-52D6-26F352D626F3}.Release|Win32.ActiveCfg = Release|Win32
		{52D626F3-FECA-1BAD-52D6-26F352D626F3}.Release|Win32.Build.0 = Release|Win32
		{68437494-FECA-1BAD-6843-749468437494}.Debug|Win32.ActiveCfg = Debug|Win32
		{68437494-FECA-1BAD-6843-749468437494}.Debug|Win32.Build.0 = Debug|Win32
		{68437494-FECA-1BAD-6843-749468437494}.Release|Win32.ActiveCfg = Release|Win32
		{68437494-FECA-1BAD-6843-749468437494}.Release|Win32.Build.0 = Release|Win32
		{7480F225-FECA-1BAD-7480-F2257480F225}.Debug|Win32.ActiveCfg = Debug|Win32
		{7480F225-FECA-1BAD-7480-F2257480F225}.Debug|Win32.Build.0 = Debug|Win32
		{7480F225-FECA-1BAD-7480-F2257480F225}.Release|Win32.ActiveCfg = Release|Win32
		{7480F225-FECA-1BAD-7480-F2257480F225}.Release|Win32.Build.0 = Release|Win32
		{074E423D-FECA-1BAD-074E-423D074E423D}.Debug|Win32.ActiveCfg = Debug|Win32
		{074E423D-FECA-1BAD-074E-423D074E423D}.Debug|Win32.Build.0 = Debug|Win32
		{074E423D-FECA-1BAD-074E-423D074E423D}.Release|Win32.ActiveCfg = Release|Win32
		{074E423D-FECA-1BAD-074E-423D074E423D}.Release|Win32.Build.0 = Release|Win32
		{00705644-FECA-1BAD-0070-564400705644}.Debug|Win32.ActiveCfg = Debug|Win32
		{00705644-FECA-1BAD-0070-564400705644}.Debug|Win32.Build.0 = Debug|Win32
		{00705644-FECA-1BAD-0070-564400705644}.Release|Win32.ActiveCfg = Release|Win32
		{00705644-FECA-1BAD-0070-564400705644}.Release|Win32.Build.0 = Release|Win32
		{38284600-FECA-1BAD-3828-460038284600}.Debug|Win32.ActiveCfg = Debug|Win32
		{38284600-FECA-1BAD-3828-460038284600}.Debug|Win32.Build.0 = Debug|Win32
		{38284600-FECA-1BAD-3828-460038284600}.Release|Win32.ActiveCfg = Release|Win32
		{38284600-FECA-1BAD-3828-460038284600}.Release|Win32.Build.0 = Release|Win32
		{0070248F-FECA-1BAD-0070-248F0070248F}.Debug|Win32.ActiveCfg = Debug|Win32
		{0070248F-FECA-1BAD-0070-248F0070248F}.Debug|Win32.Build.0 = Debug|Win32
		{0070248F-FECA-1BAD-0070-248F0070248F}.Release|Win32.ActiveCfg = Release|Win32
		{0070248F-FECA-1BAD-0070-248F0070248F}.Release|Win32.Build.0 = Release|Win32
		{0070F23F-FECA-1BAD-0070-F23F0070F23F}.Debug|Win32.ActiveCfg = Debug|Win32
		{0070F23F-FECA-1BAD-0070-F23F0070F23F}.Debug|Win32.Build.0 = Debug|Win32
		{0070F23F-FECA-1BAD-0070-F23F0070F23F}.Release|Win32.ActiveCfg = Release|Win32
		{0070F23F-FECA-1BAD-0070-F23F0070F23F}.Release|Win32.Build.0 = Release|Win32
		{3A95E2C1-FECA-1BAD-3A95-E2C13A95E2C1}.Debug|Win32.ActiveCfg = Debug|Win32
		{3A95E2C1-FECA-1BAD-3A95-E2C13A95E2C1}.Debug|Win32.Build.0 = Debug|Win32
		{3A95E2C1-FECA-1BAD-3A95-E2C13A95E2C1}.Release|Win32.ActiveCfg = Release|Win32
		{3A95E2C1-FECA-1BAD-3A95-E2C13A95E2C1}.Release|Win32.Build.0 = Release|Win32
		{F23A8543-FECA-1BAD-F23A-8543F23A8543}.Debug|Win32.ActiveCfg = Debug|Win32
		{F23A8543-FECA-1BAD-F23A-8543F23A8543}.Debug|Win32.Build.0 = Debug|Win32
		{F23A8543-FECA-1BAD-F23A-8543F23A8543}.Release|Win32.ActiveCfg = Release|Win32
		{F23A8543-FECA-1BAD-F23A-8543F23A8543}.Release|Win32.Build.0 = Release|Win32
		{71519730-FECA-1BAD-7151-973071519730}.Debug|Win32.ActiveCfg = Debug|Win32
		{71519730-FECA-1BAD-7151-973071519730}.Debug|Win32.Build.0 = Debug|Win32
		{71519730-FECA-1BAD-7151-973071519730}.Release|Win32.ActiveCfg = Release|Win32
		{71519730-FECA-1BAD-7151-973071519730}.Release|Win32.Build.0 = Release|Win32
		{071F803F-FECA-1BAD-071F-803F071F803F}.Debug|Win32.ActiveCfg = Debug|Win32
		{071F803F-FECA-1BAD-071F-803F071F803F}.Debug|Win32.Build.0 = Debug|Win32
		{071F803F-FECA-1BAD-071F-803F071F803F}.Release|Win32.ActiveCfg = Release|Win32
		{071F803F-FECA-1BAD-071F-803F071F803F}.Release|Win32.Build.0 = Release|Win32
		{0007EBB0-FECA-1BAD-0007-EBB00007EBB0}.Debug|Win32.ActiveCfg = Debug|Win32
		{0007EBB0-FECA-1BAD-0007-EBB00007EBB0}.Debug|Win32.Build.0 = Debug|Win32
		{0007EBB0-FECA-1BAD-0007-EBB00007EBB0}.Release|Win32.ActiveCfg = Release|Win32
		{0007EBB0-FECA-1BAD-0007-EBB00007EBB0}.Release|Win32.Build.0 = Release|Win32
	EndGlobalSection
	GlobalSection(SolutionProperties) = preSolution
		HideSolutionNode = FALSE
	EndGlobalSection
EndGlobal
